
Microsoft Visual Studio Solution File, Format Version 12.00
# Visual Studio Version 17
VisualStudioVersion = 17.3.32901.215
MinimumVisualStudioVersion = 10.0.40219.1
Project("{FAE04EC0-301F-11D3-BF4B-00C04F79EFBC}") = "xtxbh", "xtxbh\xtxbh.csproj", "{D3FFD97E-E3BB-4686-B1FE-DBB5044A38BA}"
EndProject
Global
	GlobalSection(SolutionConfigurationPlatforms) = preSolution
		Debug|Any CPU = Debug|Any CPU
		Release|Any CPU = Release|Any CPU
	EndGlobalSection
	GlobalSection(ProjectConfigurationPlatforms) = postSolution
		{D3FFD97E-E3BB-4686-B1FE-DBB5044A38BA}.Debug|Any CPU.ActiveCfg = Debug|Any CPU
		{D3FFD97E-E3BB-4686-B1FE-DBB5044A38BA}.Debug|Any CPU.Build.0 = Debug|Any CPU
		{D3FFD97E-E3BB-4686-B1FE-DBB5044A38BA}.Release|Any CPU.ActiveCfg = Release|Any CPU
		{D3FFD97E-E3BB-4686-B1FE-DBB5044A38BA}.Release|Any CPU.Build.0 = Release|Any CPU
	EndGlobalSection
	GlobalSection(SolutionProperties) = preSolution
		HideSolutionNode = FALSE
	EndGlobalSection
	GlobalSection(ExtensibilityGlobals) = postSolution
		SolutionGuid = {0C74523F-9222-48E1-9BDE-26BD439747EE}
	EndGlobalSection
EndGlobal
